
Microsoft Visual Studio Solution File, Format Version 12.00
# Visual Studio 15
VisualStudioVersion = 15.0.27703.1
MinimumVisualStudioVersion = 10.0.40219.1
Project("{FAE04EC0-301F-11D3-BF4B-00C04F79EFBC}") = "ConsoleApp1", "ConsoleApp1\ConsoleApp1.csproj", "{0B9366A9-EBD8-4368-97F5-3978ADF1C37A}"
EndProject
Global
	GlobalSection(SolutionConfigurationPlatforms) = preSolution
		Debug|Any CPU = Debug|Any CPU
		Release|Any CPU = Release|Any CPU
	EndGlobalSection
	GlobalSection(ProjectConfigurationPlatforms) = postSolution
		{0B9366A9-EBD8-4368-97F5-3978ADF1C37A}.Debug|Any CPU.ActiveCfg = Debug|Any CPU
		{0B9366A9-EBD8-4368-97F5-3978ADF1C37A}.Debug|Any CPU.Build.0 = Debug|Any CPU
		{0B9366A9-EBD8-4368-97F5-3978ADF1C37A}.Release|Any CPU.ActiveCfg = Release|Any CPU
		{0B9366A9-EBD8-4368-97F5-3978ADF1C37A}.Release|Any CPU.Build.0 = Release|Any CPU
	EndGlobalSection
	GlobalSection(SolutionProperties) = preSolution
		HideSolutionNode = FALSE
	EndGlobalSection
	GlobalSection(ExtensibilityGlobals) = postSolution
		SolutionGuid = {E7B36EAE-27D7-4898-8D22-1623A04458E4}
	EndGlobalSection
EndGlobal
